
Microsoft Visual Studio Solution File, Format Version 12.00
# Visual Studio Version 16
VisualStudioVersion = 16.0.30611.23
MinimumVisualStudioVersion = 15.0.26124.0
Project("{FAE04EC0-301F-11D3-BF4B-00C04F79EFBC}") = "QualityControl.Objects", "Objects/QualityControl.Objects.csproj", "173a6620-4cbd-45b2-813e-abd62d330573"
EndProject
Project("{FAE04EC0-301F-11D3-BF4B-00C04F79EFBC}") = "QualityControl.Tests", "Tests/QualityControl.Tests.csproj", "68e724dd-ddde-416a-b776-b6c4d541e55b"
EndProject
Project("{FAE04EC0-301F-11D3-BF4B-00C04F79EFBC}") = "QualityControl.ODataBackend", "ODataBackend/QualityControl.ODataBackend.csproj", "5335ae9e-ebf4-4c20-ac6c-fb1e35f46b50"
EndProject
Project("{FAE04EC0-301F-11D3-BF4B-00C04F79EFBC}") = "QualityControl.IntegrationTests", "IntegrationTests/QualityControl.IntegrationTests.csproj", "5aac405c-2156-42ab-b5e2-2d0dff593df5"
EndProject
Global
	GlobalSection(SolutionConfigurationPlatforms) = preSolution
Debug|Any CPU = Debug|Any CPU
Release|Any CPU = Release|Any CPU
	EndGlobalSection
	GlobalSection(ProjectConfigurationPlatforms) = postSolution
		173a6620-4cbd-45b2-813e-abd62d330573.Debug|Any CPU.ActiveCfg = Debug|Any CPU
		173a6620-4cbd-45b2-813e-abd62d330573.Debug|Any CPU.Build.0 = Debug|Any CPU
		173a6620-4cbd-45b2-813e-abd62d330573.Release|Any CPU.ActiveCfg = Release|Any CPU
		173a6620-4cbd-45b2-813e-abd62d330573.Release|Any CPU.Build.0 = Release|Any CPU
		68e724dd-ddde-416a-b776-b6c4d541e55b.Debug|Any CPU.ActiveCfg = Debug|Any CPU
		68e724dd-ddde-416a-b776-b6c4d541e55b.Debug|Any CPU.Build.0 = Debug|Any CPU
		68e724dd-ddde-416a-b776-b6c4d541e55b.Release|Any CPU.ActiveCfg = Release|Any CPU
		68e724dd-ddde-416a-b776-b6c4d541e55b.Release|Any CPU.Build.0 = Release|Any CPU
		5335ae9e-ebf4-4c20-ac6c-fb1e35f46b50.Debug|Any CPU.ActiveCfg = Debug|Any CPU
		5335ae9e-ebf4-4c20-ac6c-fb1e35f46b50.Debug|Any CPU.Build.0 = Debug|Any CPU
		5335ae9e-ebf4-4c20-ac6c-fb1e35f46b50.Release|Any CPU.ActiveCfg = Release|Any CPU
		5335ae9e-ebf4-4c20-ac6c-fb1e35f46b50.Release|Any CPU.Build.0 = Release|Any CPU
		5aac405c-2156-42ab-b5e2-2d0dff593df5.Debug|Any CPU.ActiveCfg = Debug|Any CPU
		5aac405c-2156-42ab-b5e2-2d0dff593df5.Debug|Any CPU.Build.0 = Debug|Any CPU
		5aac405c-2156-42ab-b5e2-2d0dff593df5.Release|Any CPU.ActiveCfg = Release|Any CPU
		5aac405c-2156-42ab-b5e2-2d0dff593df5.Release|Any CPU.Build.0 = Release|Any CPU
	EndGlobalSection
	GlobalSection(SolutionProperties) = preSolution
		HideSolutionNode = FALSE
	EndGlobalSection
EndGlobal
